// !$*UTF8*$!
{
	archiveVersion = 1;
	classes = {
	};
	objectVersion = 50;
	objects = {

/* Begin PBXBuildFile section */
		01B060A424FA1A4A001C8208 /* AppDelegate.swift in Sources */ = {isa = PBXBuildFile; fileRef = 01B060A324FA1A4A001C8208 /* AppDelegate.swift */; };
		01B060A624FA1A4A001C8208 /* SceneDelegate.swift in Sources */ = {isa = PBXBuildFile; fileRef = 01B060A524FA1A4A001C8208 /* SceneDelegate.swift */; };
		01B060A824FA1A4A001C8208 /* ViewController.swift in Sources */ = {isa = PBXBuildFile; fileRef = 01B060A724FA1A4A001C8208 /* ViewController.swift */; };
		01B060AB24FA1A4A001C8208 /* Main.storyboard in Resources */ = {isa = PBXBuildFile; fileRef = 01B060A924FA1A4A001C8208 /* Main.storyboard */; };
		01B060AD24FA1A4C001C8208 /* Assets.xcassets in Resources */ = {isa = PBXBuildFile; fileRef = 01B060AC24FA1A4C001C8208 /* Assets.xcassets */; };
		01B060B024FA1A4C001C8208 /* LaunchScreen.storyboard in Resources */ = {isa = PBXBuildFile; fileRef = 01B060AE24FA1A4C001C8208 /* LaunchScreen.storyboard */; };
		01B060BB24FA1A4D001C8208 /* TipCalculatorTests.swift in Sources */ = {isa = PBXBuildFile; fileRef = 01B060BA24FA1A4D001C8208 /* TipCalculatorTests.swift */; };
		01B060C624FA1A4D001C8208 /* TipCalculatorUITests.swift in Sources */ = {isa = PBXBuildFile; fileRef = 01B060C524FA1A4D001C8208 /* TipCalculatorUITests.swift */; };
/* End PBXBuildFile section */

/* Begin PBXContainerItemProxy section */
		01B060B724FA1A4D001C8208 /* PBXContainerItemProxy */ = {
			isa = PBXContainerItemProxy;
			containerPortal = 01B0609824FA1A4A001C8208 /* Project object */;
			proxyType = 1;
			remoteGlobalIDString = 01B0609F24FA1A4A001C8208;
			remoteInfo = TipCalculator;
		};
		01B060C224FA1A4D001C8208 /* PBXContainerItemProxy */ = {
			isa = PBXContainerItemProxy;
			containerPortal = 01B0609824FA1A4A001C8208 /* Project object */;
			proxyType = 1;
			remoteGlobalIDString = 01B0609F24FA1A4A001C8208;
			remoteInfo = TipCalculator;
		};
/* End PBXContainerItemProxy section */

/* Begin PBXFileReference section */
		01B060A024FA1A4A001C8208 /* TipCalculator.app */ = {isa = PBXFileReference; explicitFileType = wrapper.application; includeInIndex = 0; path = TipCalculator.app; sourceTree = BUILT_PRODUCTS_DIR; };
		01B060A324FA1A4A001C8208 /* AppDelegate.swift */ = {isa = PBXFileReference; lastKnownFileType = sourcecode.swift; path = AppDelegate.swift; sourceTree = "<group>"; };
		01B060A524FA1A4A001C8208 /* SceneDelegate.swift */ = {isa = PBXFileReference; lastKnownFileType = sourcecode.swift; path = SceneDelegate.swift; sourceTree = "<group>"; };
		01B060A724FA1A4A001C8208 /* ViewController.swift */ = {isa = PBXFileReference; lastKnownFileType = sourcecode.swift; path = ViewController.swift; sourceTree = "<group>"; };
		01B060AA24FA1A4A001C8208 /* Base */ = {isa = PBXFileReference; lastKnownFileType = file.storyboard; name = Base; path = Base.lproj/Main.storyboard; sourceTree = "<group>"; };
		01B060AC24FA1A4C001C8208 /* Assets.xcassets */ = {isa = PBXFileReference; lastKnownFileType = folder.assetcatalog; path = Assets.xcassets; sourceTree = "<group>"; };
		01B060AF24FA1A4C001C8208 /* Base */ = {isa = PBXFileReference; lastKnownFileType = file.storyboard; name = Base; path = Base.lproj/LaunchScreen.storyboard; sourceTree = "<group>"; };
		01B060B124FA1A4C001C8208 /* Info.plist */ = {isa = PBXFileReference; lastKnownFileType = text.plist.xml; path = Info.plist; sourceTree = "<group>"; };
		01B060B624FA1A4D001C8208 /* TipCalculatorTests.xctest */ = {isa = PBXFileReference; explicitFileType = wrapper.cfbundle; includeInIndex = 0; path = TipCalculatorTests.xctest; sourceTree = BUILT_PRODUCTS_DIR; };
		01B060BA24FA1A4D001C8208 /* TipCalculatorTests.swift */ = {isa = PBXFileReference; lastKnownFileType = sourcecode.swift; path = TipCalculatorTests.swift; sourceTree = "<group>"; };
		01B060BC24FA1A4D001C8208 /* Info.plist */ = {isa = PBXFileReference; lastKnownFileType = text.plist.xml; path = Info.plist; sourceTree = "<group>"; };
		01B060C124FA1A4D001C8208 /* TipCalculatorUITests.xctest */ = {isa = PBXFileReference; explicitFileType = wrapper.cfbundle; includeInIndex = 0; path = TipCalculatorUITests.xctest; sourceTree = BUILT_PRODUCTS_DIR; };
		01B060C524FA1A4D001C8208 /* TipCalculatorUITests.swift */ = {isa = PBXFileReference; lastKnownFileType = sourcecode.swift; path = TipCalculatorUITests.swift; sourceTree = "<group>"; };
		01B060C724FA1A4D001C8208 /* Info.plist */ = {isa = PBXFileReference; lastKnownFileType = text.plist.xml; path = Info.plist; sourceTree = "<group>"; };
/* End PBXFileReference section */

/* Begin PBXFrameworksBuildPhase section */
		01B0609D24FA1A4A001C8208 /* Frameworks */ = {
			isa = PBXFrameworksBuildPhase;
			buildActionMask = 2147483647;
			files = (
			);
			runOnlyForDeploymentPostprocessing = 0;
		};
		01B060B324FA1A4D001C8208 /* Frameworks */ = {
			isa = PBXFrameworksBuildPhase;
			buildActionMask = 2147483647;
			files = (
			);
			runOnlyForDeploymentPostprocessing = 0;
		};
		01B060BE24FA1A4D001C8208 /* Frameworks */ = {
			isa = PBXFrameworksBuildPhase;
			buildActionMask = 2147483647;
			files = (
			);
			runOnlyForDeploymentPostprocessing = 0;
		};
/* End PBXFrameworksBuildPhase section */

/* Begin PBXGroup section */
		01B0609724FA1A4A001C8208 = {
			isa = PBXGroup;
			children = (
				01B060A224FA1A4A001C8208 /* TipCalculator */,
				01B060B924FA1A4D001C8208 /* TipCalculatorTests */,
				01B060C424FA1A4D001C8208 /* TipCalculatorUITests */,
				01B060A124FA1A4A001C8208 /* Products */,
			);
			sourceTree = "<group>";
		};
		01B060A124FA1A4A001C8208 /* Products */ = {
			isa = PBXGroup;
			children = (
				01B060A024FA1A4A001C8208 /* TipCalculator.app */,
				01B060B624FA1A4D001C8208 /* TipCalculatorTests.xctest */,
				01B060C124FA1A4D001C8208 /* TipCalculatorUITests.xctest */,
			);
			name = Products;
			sourceTree = "<group>";
		};
		01B060A224FA1A4A001C8208 /* TipCalculator */ = {
			isa = PBXGroup;
			children = (
				01B060A324FA1A4A001C8208 /* AppDelegate.swift */,
				01B060A524FA1A4A001C8208 /* SceneDelegate.swift */,
				01B060A724FA1A4A001C8208 /* ViewController.swift */,
				01B060A924FA1A4A001C8208 /* Main.storyboard */,
				01B060AC24FA1A4C001C8208 /* Assets.xcassets */,
				01B060AE24FA1A4C001C8208 /* LaunchScreen.storyboard */,
				01B060B124FA1A4C001C8208 /* Info.plist */,
			);
			path = TipCalculator;
			sourceTree = "<group>";
		};
		01B060B924FA1A4D001C8208 /* TipCalculatorTests */ = {
			isa = PBXGroup;
			children = (
				01B060BA24FA1A4D001C8208 /* TipCalculatorTests.swift */,
				01B060BC24FA1A4D001C8208 /* Info.plist */,
			);
			path = TipCalculatorTests;
			sourceTree = "<group>";
		};
		01B060C424FA1A4D001C8208 /* TipCalculatorUITests */ = {
			isa = PBXGroup;
			children = (
				01B060C524FA1A4D001C8208 /* TipCalculatorUITests.swift */,
				01B060C724FA1A4D001C8208 /* Info.plist */,
			);
			path = TipCalculatorUITests;
			sourceTree = "<group>";
		};
/* End PBXGroup section */

/* Begin PBXNativeTarget section */
		01B0609F24FA1A4A001C8208 /* TipCalculator */ = {
			isa = PBXNativeTarget;
			buildConfigurationList = 01B060CA24FA1A4D001C8208 /* Build configuration list for PBXNativeTarget "TipCalculator" */;
			buildPhases = (
				01B0609C24FA1A4A001C8208 /* Sources */,
				01B0609D24FA1A4A001C8208 /* Frameworks */,
				01B0609E24FA1A4A001C8208 /* Resources */,
			);
			buildRules = (
			);
			dependencies = (
			);
			name = TipCalculator;
			productName = TipCalculator;
			productReference = 01B060A024FA1A4A001C8208 /* TipCalculator.app */;
			productType = "com.apple.product-type.application";
		};
		01B060B524FA1A4D001C8208 /* TipCalculatorTests */ = {
			isa = PBXNativeTarget;
			buildConfigurationList = 01B060CD24FA1A4D001C8208 /* Build configuration list for PBXNativeTarget "TipCalculatorTests" */;
			buildPhases = (
				01B060B224FA1A4D001C8208 /* Sources */,
				01B060B324FA1A4D001C8208 /* Frameworks */,
				01B060B424FA1A4D001C8208 /* Resources */,
			);
			buildRules = (
			);
			dependencies = (
				01B060B824FA1A4D001C8208 /* PBXTargetDependency */,
			);
			name = TipCalculatorTests;
			productName = TipCalculatorTests;
			productReference = 01B060B624FA1A4D001C8208 /* TipCalculatorTests.xctest */;
			productType = "com.apple.product-type.bundle.unit-test";
		};
		01B060C024FA1A4D001C8208 /* TipCalculatorUITests */ = {
			isa = PBXNativeTarget;
			buildConfigurationList = 01B060D024FA1A4D001C8208 /* Build configuration list for PBXNativeTarget "TipCalculatorUITests" */;
			buildPhases = (
				01B060BD24FA1A4D001C8208 /* Sources */,
				01B060BE24FA1A4D001C8208 /* Frameworks */,
				01B060BF24FA1A4D001C8208 /* Resources */,
			);
			buildRules = (
			);
			dependencies = (
				01B060C324FA1A4D001C8208 /* PBXTargetDependency */,
			);
			name = TipCalculatorUITests;
			productName = TipCalculatorUITests;
			productReference = 01B060C124FA1A4D001C8208 /* TipCalculatorUITests.xctest */;
			productType = "com.apple.product-type.bundle.ui-testing";
		};
/* End PBXNativeTarget section */

/* Begin PBXProject section */
		01B0609824FA1A4A001C8208 /* Project object */ = {
			isa = PBXProject;
			attributes = {
				LastSwiftUpdateCheck = 1160;
				LastUpgradeCheck = 1160;
				ORGANIZATIONNAME = codePath;
				TargetAttributes = {
					01B0609F24FA1A4A001C8208 = {
						CreatedOnToolsVersion = 11.6;
					};
					01B060B524FA1A4D001C8208 = {
						CreatedOnToolsVersion = 11.6;
						TestTargetID = 01B0609F24FA1A4A001C8208;
					};
					01B060C024FA1A4D001C8208 = {
						CreatedOnToolsVersion = 11.6;
						TestTargetID = 01B0609F24FA1A4A001C8208;
					};
				};
			};
			buildConfigurationList = 01B0609B24FA1A4A001C8208 /* Build configuration list for PBXProject "TipCalculator" */;
			compatibilityVersion = "Xcode 9.3";
			developmentRegion = en;
			hasScannedForEncodings = 0;
			knownRegions = (
				en,
				Base,
			);
			mainGroup = 01B0609724FA1A4A001C8208;
			productRefGroup = 01B060A124FA1A4A001C8208 /* Products */;
			projectDirPath = "";
			projectRoot = "";
			targets = (
				01B0609F24FA1A4A001C8208 /* TipCalculator */,
				01B060B524FA1A4D001C8208 /* TipCalculatorTests */,
				01B060C024FA1A4D001C8208 /* TipCalculatorUITests */,
			);
		};
/* End PBXProject section */

/* Begin PBXResourcesBuildPhase section */
		01B0609E24FA1A4A001C8208 /* Resources */ = {
			isa = PBXResourcesBuildPhase;
			buildActionMask = 2147483647;
			files = (
				01B060B024FA1A4C001C8208 /* LaunchScreen.storyboard in Resources */,
				01B060AD24FA1A4C001C8208 /* Assets.xcassets in Resources */,
				01B060AB24FA1A4A001C8208 /* Main.storyboard in Resources */,
			);
			runOnlyForDeploymentPostprocessing = 0;
		};
		01B060B424FA1A4D001C8208 /* Resources */ = {
			isa = PBXResourcesBuildPhase;
			buildActionMask = 2147483647;
			files = (
			);
			runOnlyForDeploymentPostprocessing = 0;
		};
		01B060BF24FA1A4D001C8208 /* Resources */ = {
			isa = PBXResourcesBuildPhase;
			buildActionMask = 2147483647;
			files = (
			);
			runOnlyForDeploymentPostprocessing = 0;
		};
/* End PBXResourcesBuildPhase section */

/* Begin PBXSourcesBuildPhase section */
		01B0609C24FA1A4A001C8208 /* Sources */ = {
			isa = PBXSourcesBuildPhase;
			buildActionMask = 2147483647;
			files = (
				01B060A824FA1A4A001C8208 /* ViewController.swift in Sources */,
				01B060A424FA1A4A001C8208 /* AppDelegate.swift in Sources */,
				01B060A624FA1A4A001C8208 /* SceneDelegate.swift in Sources */,
			);
			runOnlyForDeploymentPostprocessing = 0;
		};
		01B060B224FA1A4D001C8208 /* Sources */ = {
			isa = PBXSourcesBuildPhase;
			buildActionMask = 2147483647;
			files = (
				01B060BB24FA1A4D001C8208 /* TipCalculatorTests.swift in Sources */,
			);
			runOnlyForDeploymentPostprocessing = 0;
		};
		01B060BD24FA1A4D001C8208 /* Sources */ = {
			isa = PBXSourcesBuildPhase;
			buildActionMask = 2147483647;
			files = (
				01B060C624FA1A4D001C8208 /* TipCalculatorUITests.swift in Sources */,
			);
			runOnlyForDeploymentPostprocessing = 0;
		};
/* End PBXSourcesBuildPhase section */

/* Begin PBXTargetDependency section */
		01B060B824FA1A4D001C8208 /* PBXTargetDependency */ = {
			isa = PBXTargetDependency;
			target = 01B0609F24FA1A4A001C8208 /* TipCalculator */;
			targetProxy = 01B060B724FA1A4D001C8208 /* PBXContainerItemProxy */;
		};
		01B060C324FA1A4D001C8208 /* PBXTargetDependency */ = {
			isa = PBXTargetDependency;
			target = 01B0609F24FA1A4A001C8208 /* TipCalculator */;
			targetProxy = 01B060C224FA1A4D001C8208 /* PBXContainerItemProxy */;
		};
/* End PBXTargetDependency section */

/* Begin PBXVariantGroup section */
		01B060A924FA1A4A001C8208 /* Main.storyboard */ = {
			isa = PBXVariantGroup;
			children = (
				01B060AA24FA1A4A001C8208 /* Base */,
			);
			name = Main.storyboard;
			sourceTree = "<group>";
		};
		01B060AE24FA1A4C001C8208 /* LaunchScreen.storyboard */ = {
			isa = PBXVariantGroup;
			children = (
				01B060AF24FA1A4C001C8208 /* Base */,
			);
			name = LaunchScreen.storyboard;
			sourceTree = "<group>";
		};
/* End PBXVariantGroup section */

/* Begin XCBuildConfiguration section */
		01B060C824FA1A4D001C8208 /* Debug */ = {
			isa = XCBuildConfiguration;
			buildSettings = {
				ALWAYS_SEARCH_USER_PATHS = NO;
				CLANG_ANALYZER_NONNULL = YES;
				CLANG_ANALYZER_NUMBER_OBJECT_CONVERSION = YES_AGGRESSIVE;
				CLANG_CXX_LANGUAGE_STANDARD = "gnu++14";
				CLANG_CXX_LIBRARY = "libc++";
				CLANG_ENABLE_MODULES = YES;
				CLANG_ENABLE_OBJC_ARC = YES;
				CLANG_ENABLE_OBJC_WEAK = YES;
				CLANG_WARN_BLOCK_CAPTURE_AUTORELEASING = YES;
				CLANG_WARN_BOOL_CONVERSION = YES;
				CLANG_WARN_COMMA = YES;
				CLANG_WARN_CONSTANT_CONVERSION = YES;
				CLANG_WARN_DEPRECATED_OBJC_IMPLEMENTATIONS = YES;
				CLANG_WARN_DIRECT_OBJC_ISA_USAGE = YES_ERROR;
				CLANG_WARN_DOCUMENTATION_COMMENTS = YES;
				CLANG_WARN_EMPTY_BODY = YES;
				CLANG_WARN_ENUM_CONVERSION = YES;
				CLANG_WARN_INFINITE_RECURSION = YES;
				CLANG_WARN_INT_CONVERSION = YES;
				CLANG_WARN_NON_LITERAL_NULL_CONVERSION = YES;
				CLANG_WARN_OBJC_IMPLICIT_RETAIN_SELF = YES;
				CLANG_WARN_OBJC_LITERAL_CONVERSION = YES;
				CLANG_WARN_OBJC_ROOT_CLASS = YES_ERROR;
				CLANG_WARN_RANGE_LOOP_ANALYSIS = YES;
				CLANG_WARN_STRICT_PROTOTYPES = YES;
				CLANG_WARN_SUSPICIOUS_MOVE = YES;
				CLANG_WARN_UNGUARDED_AVAILABILITY = YES_AGGRESSIVE;
				CLANG_WARN_UNREACHABLE_CODE = YES;
				CLANG_WARN__DUPLICATE_METHOD_MATCH = YES;
				COPY_PHASE_STRIP = NO;
				DEBUG_INFORMATION_FORMAT = dwarf;
				ENABLE_STRICT_OBJC_MSGSEND = YES;
				ENABLE_TESTABILITY = YES;
				GCC_C_LANGUAGE_STANDARD = gnu11;
				GCC_DYNAMIC_NO_PIC = NO;
				GCC_NO_COMMON_BLOCKS = YES;
				GCC_OPTIMIZATION_LEVEL = 0;
				GCC_PREPROCESSOR_DEFINITIONS = (
					"DEBUG=1",
					"$(inherited)",
				);
				GCC_WARN_64_TO_32_BIT_CONVERSION = YES;
				GCC_WARN_ABOUT_RETURN_TYPE = YES_ERROR;
				GCC_WARN_UNDECLARED_SELECTOR = YES;
				GCC_WARN_UNINITIALIZED_AUTOS = YES_AGGRESSIVE;
				GCC_WARN_UNUSED_FUNCTION = YES;
				GCC_WARN_UNUSED_VARIABLE = YES;
				IPHONEOS_DEPLOYMENT_TARGET = 13.6;
				MTL_ENABLE_DEBUG_INFO = INCLUDE_SOURCE;
				MTL_FAST_MATH = YES;
				ONLY_ACTIVE_ARCH = YES;
				SDKROOT = iphoneos;
				SWIFT_ACTIVE_COMPILATION_CONDITIONS = DEBUG;
				SWIFT_OPTIMIZATION_LEVEL = "-Onone";
			};
			name = Debug;
		};
		01B060C924FA1A4D001C8208 /* Release */ = {
			isa = XCBuildConfiguration;
			buildSettings = {
				ALWAYS_SEARCH_USER_PATHS = NO;
				CLANG_ANALYZER_NONNULL = YES;
				CLANG_ANALYZER_NUMBER_OBJECT_CONVERSION = YES_AGGRESSIVE;
				CLANG_CXX_LANGUAGE_STANDARD = "gnu++14";
				CLANG_CXX_LIBRARY = "libc++";
				CLANG_ENABLE_MODULES = YES;
				CLANG_ENABLE_OBJC_ARC = YES;
				CLANG_ENABLE_OBJC_WEAK = YES;
				CLANG_WARN_BLOCK_CAPTURE_AUTORELEASING = YES;
				CLANG_WARN_BOOL_CONVERSION = YES;
				CLANG_WARN_COMMA = YES;
				CLANG_WARN_CONSTANT_CONVERSION = YES;
				CLANG_WARN_DEPRECATED_OBJC_IMPLEMENTATIONS = YES;
				CLANG_WARN_DIRECT_OBJC_ISA_USAGE = YES_ERROR;
				CLANG_WARN_DOCUMENTATION_COMMENTS = YES;
				CLANG_WARN_EMPTY_BODY = YES;
				CLANG_WARN_ENUM_CONVERSION = YES;
				CLANG_WARN_INFINITE_RECURSION = YES;
				CLANG_WARN_INT_CONVERSION = YES;
				CLANG_WARN_NON_LITERAL_NULL_CONVERSION = YES;
				CLANG_WARN_OBJC_IMPLICIT_RETAIN_SELF = YES;
				CLANG_WARN_OBJC_LITERAL_CONVERSION = YES;
				CLANG_WARN_OBJC_ROOT_CLASS = YES_ERROR;
				CLANG_WARN_RANGE_LOOP_ANALYSIS = YES;
				CLANG_WARN_STRICT_PROTOTYPES = YES;
				CLANG_WARN_SUSPICIOUS_MOVE = YES;
				CLANG_WARN_UNGUARDED_AVAILABILITY = YES_AGGRESSIVE;
				CLANG_WARN_UNREACHABLE_CODE = YES;
				CLANG_WARN__DUPLICATE_METHOD_MATCH = YES;
				COPY_PHASE_STRIP = NO;
				DEBUG_INFORMATION_FORMAT = "dwarf-with-dsym";
				ENABLE_NS_ASSERTIONS = NO;
				ENABLE_STRICT_OBJC_MSGSEND = YES;
				GCC_C_LANGUAGE_STANDARD = gnu11;
				GCC_NO_COMMON_BLOCKS = YES;
				GCC_WARN_64_TO_32_BIT_CONVERSION = YES;
				GCC_WARN_ABOUT_RETURN_TYPE = YES_ERROR;
				GCC_WARN_UNDECLARED_SELECTOR = YES;
				GCC_WARN_UNINITIALIZED_AUTOS = YES_AGGRESSIVE;
				GCC_WARN_UNUSED_FUNCTION = YES;
				GCC_WARN_UNUSED_VARIABLE = YES;
				IPHONEOS_DEPLOYMENT_TARGET = 13.6;
				MTL_ENABLE_DEBUG_INFO = NO;
				MTL_FAST_MATH = YES;
				SDKROOT = iphoneos;
				SWIFT_COMPILATION_MODE = wholemodule;
				SWIFT_OPTIMIZATION_LEVEL = "-O";
				VALIDATE_PRODUCT = YES;
			};
			name = Release;
		};
		01B060CB24FA1A4D001C8208 /* Debug */ = {
			isa = XCBuildConfiguration;
			buildSettings = {
				ASSETCATALOG_COMPILER_APPICON_NAME = AppIcon;
				CODE_SIGN_STYLE = Automatic;
				INFOPLIST_FILE = TipCalculator/Info.plist;
				LD_RUNPATH_SEARCH_PATHS = (
					"$(inherited)",
					"@executable_path/Frameworks",
				);
				PRODUCT_BUNDLE_IDENTIFIER = codePath.TipCalculator;
				PRODUCT_NAME = "$(TARGET_NAME)";
				SWIFT_VERSION = 5.0;
				TARGETED_DEVICE_FAMILY = "1,2";
			};
			name = Debug;
		};
		01B060CC24FA1A4D001C8208 /* Release */ = {
			isa = XCBuildConfiguration;
			buildSettings = {
				ASSETCATALOG_COMPILER_APPICON_NAME = AppIcon;
				CODE_SIGN_STYLE = Automatic;
				INFOPLIST_FILE = TipCalculator/Info.plist;
				LD_RUNPATH_SEARCH_PATHS = (
					"$(inherited)",
					"@executable_path/Frameworks",
				);
				PRODUCT_BUNDLE_IDENTIFIER = codePath.TipCalculator;
				PRODUCT_NAME = "$(TARGET_NAME)";
				SWIFT_VERSION = 5.0;
				TARGETED_DEVICE_FAMILY = "1,2";
			};
			name = Release;
		};
		01B060CE24FA1A4D001C8208 /* Debug */ = {
			isa = XCBuildConfiguration;
			buildSettings = {
				ALWAYS_EMBED_SWIFT_STANDARD_LIBRARIES = YES;
				BUNDLE_LOADER = "$(TEST_HOST)";
				CODE_SIGN_STYLE = Automatic;
				INFOPLIST_FILE = TipCalculatorTests/Info.plist;
				IPHONEOS_DEPLOYMENT_TARGET = 13.6;
				LD_RUNPATH_SEARCH_PATHS = (
					"$(inherited)",
					"@executable_path/Frameworks",
					"@loader_path/Frameworks",
				);
				PRODUCT_BUNDLE_IDENTIFIER = codePath.TipCalculatorTests;
				PRODUCT_NAME = "$(TARGET_NAME)";
				SWIFT_VERSION = 5.0;
				TARGETED_DEVICE_FAMILY = "1,2";
				TEST_HOST = "$(BUILT_PRODUCTS_DIR)/TipCalculator.app/TipCalculator";
			};
			name = Debug;
		};
		01B060CF24FA1A4D001C8208 /* Release */ = {
			isa = XCBuildConfiguration;
			buildSettings = {
				ALWAYS_EMBED_SWIFT_STANDARD_LIBRARIES = YES;
				BUNDLE_LOADER = "$(TEST_HOST)";
				CODE_SIGN_STYLE = Automatic;
				INFOPLIST_FILE = TipCalculatorTests/Info.plist;
				IPHONEOS_DEPLOYMENT_TARGET = 13.6;
				LD_RUNPATH_SEARCH_PATHS = (
					"$(inherited)",
					"@executable_path/Frameworks",
					"@loader_path/Frameworks",
				);
				PRODUCT_BUNDLE_IDENTIFIER = codePath.TipCalculatorTests;
				PRODUCT_NAME = "$(TARGET_NAME)";
				SWIFT_VERSION = 5.0;
				TARGETED_DEVICE_FAMILY = "1,2";
				TEST_HOST = "$(BUILT_PRODUCTS_DIR)/TipCalculator.app/TipCalculator";
			};
			name = Release;
		};
		01B060D124FA1A4D001C8208 /* Debug */ = {
			isa = XCBuildConfiguration;
			buildSettings = {
				ALWAYS_EMBED_SWIFT_STANDARD_LIBRARIES = YES;
				CODE_SIGN_STYLE = Automatic;
				INFOPLIST_FILE = TipCalculatorUITests/Info.plist;
				LD_RUNPATH_SEARCH_PATHS = (
					"$(inherited)",
					"@executable_path/Frameworks",
					"@loader_path/Frameworks",
				);
				PRODUCT_BUNDLE_IDENTIFIER = codePath.TipCalculatorUITests;
				PRODUCT_NAME = "$(TARGET_NAME)";
				SWIFT_VERSION = 5.0;
				TARGETED_DEVICE_FAMILY = "1,2";
				TEST_TARGET_NAME = TipCalculator;
			};
			name = Debug;
		};
		01B060D224FA1A4D001C8208 /* Release */ = {
			isa = XCBuildConfiguration;
			buildSettings = {
				ALWAYS_EMBED_SWIFT_STANDARD_LIBRARIES = YES;
				CODE_SIGN_STYLE = Automatic;
				INFOPLIST_FILE = TipCalculatorUITests/Info.plist;
				LD_RUNPATH_SEARCH_PATHS = (
					"$(inherited)",
					"@executable_path/Frameworks",
					"@loader_path/Frameworks",
				);
				PRODUCT_BUNDLE_IDENTIFIER = codePath.TipCalculatorUITests;
				PRODUCT_NAME = "$(TARGET_NAME)";
				SWIFT_VERSION = 5.0;
				TARGETED_DEVICE_FAMILY = "1,2";
				TEST_TARGET_NAME = TipCalculator;
			};
			name = Release;
		};
/* End XCBuildConfiguration section */

/* Begin XCConfigurationList section */
		01B0609B24FA1A4A001C8208 /* Build configuration list for PBXProject "TipCalculator" */ = {
			isa = XCConfigurationList;
			buildConfigurations = (
				01B060C824FA1A4D001C8208 /* Debug */,
				01B060C924FA1A4D001C8208 /* Release */,
			);
			defaultConfigurationIsVisible = 0;
			defaultConfigurationName = Release;
		};
		01B060CA24FA1A4D001C8208 /* Build configuration list for PBXNativeTarget "TipCalculator" */ = {
			isa = XCConfigurationList;
			buildConfigurations = (
				01B060CB24FA1A4D001C8208 /* Debug */,
				01B060CC24FA1A4D001C8208 /* Release */,
			);
			defaultConfigurationIsVisible = 0;
			defaultConfigurationName = Release;
		};
		01B060CD24FA1A4D001C8208 /* Build configuration list for PBXNativeTarget "TipCalculatorTests" */ = {
			isa = XCConfigurationList;
			buildConfigurations = (
				01B060CE24FA1A4D001C8208 /* Debug */,
				01B060CF24FA1A4D001C8208 /* Release */,
			);
			defaultConfigurationIsVisible = 0;
			defaultConfigurationName = Release;
		};
		01B060D024FA1A4D001C8208 /* Build configuration list for PBXNativeTarget "TipCalculatorUITests" */ = {
			isa = XCConfigurationList;
			buildConfigurations = (
				01B060D124FA1A4D001C8208 /* Debug */,
				01B060D224FA1A4D001C8208 /* Release */,
			);
			defaultConfigurationIsVisible = 0;
			defaultConfigurationName = Release;
		};
/* End XCConfigurationList section */
	};
	rootObject = 01B0609824FA1A4A001C8208 /* Project object */;
}
